
Microsoft Visual Studio Solution File, Format Version 12.00
# Visual Studio Version 16
VisualStudioVersion = 16.0.29613.14
MinimumVisualStudioVersion = 10.0.40219.1
Project("{FAE04EC0-301F-11D3-BF4B-00C04F79EFBC}") = "QuanLyHang3Layer", "QuanLyHang\QuanLyHang3Layer.csproj", "{99BB29FF-5F5C-4DCF-B794-7F81E88FD805}"
EndProject
Global
	GlobalSection(SolutionConfigurationPlatforms) = preSolution
		Debug|Any CPU = Debug|Any CPU
		Release|Any CPU = Release|Any CPU
	EndGlobalSection
	GlobalSection(ProjectConfigurationPlatforms) = postSolution
		{99BB29FF-5F5C-4DCF-B794-7F81E88FD805}.Debug|Any CPU.ActiveCfg = Debug|Any CPU
		{99BB29FF-5F5C-4DCF-B794-7F81E88FD805}.Debug|Any CPU.Build.0 = Debug|Any CPU
		{99BB29FF-5F5C-4DCF-B794-7F81E88FD805}.Release|Any CPU.ActiveCfg = Release|Any CPU
		{99BB29FF-5F5C-4DCF-B794-7F81E88FD805}.Release|Any CPU.Build.0 = Release|Any CPU
	EndGlobalSection
	GlobalSection(SolutionProperties) = preSolution
		HideSolutionNode = FALSE
	EndGlobalSection
	GlobalSection(ExtensibilityGlobals) = postSolution
		SolutionGuid = {47987DC1-6BC2-43EE-B0F8-924222C23FF6}
	EndGlobalSection
EndGlobal
