
Microsoft Visual Studio Solution File, Format Version 12.00
# Visual Studio Version 16
VisualStudioVersion = 16.0.29613.14
MinimumVisualStudioVersion = 10.0.40219.1
Project("{FAE04EC0-301F-11D3-BF4B-00C04F79EFBC}") = "QUANLYBANHANGcustom", "QUANLYBANHANGcustom\QUANLYBANHANGcustom.csproj", "{39C5C68E-98DD-4324-B66F-8ED3B3875AFB}"
EndProject
Global
	GlobalSection(SolutionConfigurationPlatforms) = preSolution
		Debug|Any CPU = Debug|Any CPU
		Release|Any CPU = Release|Any CPU
	EndGlobalSection
	GlobalSection(ProjectConfigurationPlatforms) = postSolution
		{39C5C68E-98DD-4324-B66F-8ED3B3875AFB}.Debug|Any CPU.ActiveCfg = Debug|Any CPU
		{39C5C68E-98DD-4324-B66F-8ED3B3875AFB}.Debug|Any CPU.Build.0 = Debug|Any CPU
		{39C5C68E-98DD-4324-B66F-8ED3B3875AFB}.Release|Any CPU.ActiveCfg = Release|Any CPU
		{39C5C68E-98DD-4324-B66F-8ED3B3875AFB}.Release|Any CPU.Build.0 = Release|Any CPU
	EndGlobalSection
	GlobalSection(SolutionProperties) = preSolution
		HideSolutionNode = FALSE
	EndGlobalSection
	GlobalSection(ExtensibilityGlobals) = postSolution
		SolutionGuid = {744B155D-4E88-415B-96B5-FFBE280DFA07}
	EndGlobalSection
EndGlobal
